
Microsoft Visual Studio Solution File, Format Version 12.00
# Visual Studio Version 17
VisualStudioVersion = 17.3.32804.467
MinimumVisualStudioVersion = 10.0.40219.1
Project("{FAE04EC0-301F-11D3-BF4B-00C04F79EFBC}") = "CSharp_Basics_Assignment", "CSharp_Basics_Assignment\CSharp_Basics_Assignment.csproj", "{275378D9-EB01-47CF-92A4-87D7442CD862}"
EndProject
Global
	GlobalSection(SolutionConfigurationPlatforms) = preSolution
		Debug|Any CPU = Debug|Any CPU
		Release|Any CPU = Release|Any CPU
	EndGlobalSection
	GlobalSection(ProjectConfigurationPlatforms) = postSolution
		{275378D9-EB01-47CF-92A4-87D7442CD862}.Debug|Any CPU.ActiveCfg = Debug|Any CPU
		{275378D9-EB01-47CF-92A4-87D7442CD862}.Debug|Any CPU.Build.0 = Debug|Any CPU
		{275378D9-EB01-47CF-92A4-87D7442CD862}.Release|Any CPU.ActiveCfg = Release|Any CPU
		{275378D9-EB01-47CF-92A4-87D7442CD862}.Release|Any CPU.Build.0 = Release|Any CPU
	EndGlobalSection
	GlobalSection(SolutionProperties) = preSolution
		HideSolutionNode = FALSE
	EndGlobalSection
	GlobalSection(ExtensibilityGlobals) = postSolution
		SolutionGuid = {9A72C6FB-155E-47EF-9B41-3968B3F23F9A}
	EndGlobalSection
EndGlobal
